
Microsoft Visual Studio Solution File, Format Version 12.00
# Visual Studio 15
VisualStudioVersion = 15.0.26127.3
MinimumVisualStudioVersion = 10.0.40219.1
Project("{FAE04EC0-301F-11D3-BF4B-00C04F79EFBC}") = "WPF-TestDemo", "WPF-TestDemo\WPF-TestDemo.csproj", "{FA03B9AF-E810-474B-BD98-FA11753BA42B}"
EndProject
Project("{FAE04EC0-301F-11D3-BF4B-00C04F79EFBC}") = "QQ邮箱登录", "WinFrm-TestDemo\QQ邮箱登录.csproj", "{EFEBCEA5-08F4-48DB-988D-D11C53E7BD6A}"
EndProject
Project("{FAE04EC0-301F-11D3-BF4B-00C04F79EFBC}") = "秋城落叶常用程序集", "秋城落叶常用程序集\秋城落叶常用程序集.csproj", "{D7990BBD-B045-4E66-9AC4-157B99448F3C}"
EndProject
Project("{FAE04EC0-301F-11D3-BF4B-00C04F79EFBC}") = "QQ空间登录", "QQ空间登录\QQ空间登录.csproj", "{1F627EB2-0D27-4491-86ED-AEF0FAC0B0B0}"
EndProject
Project("{FAE04EC0-301F-11D3-BF4B-00C04F79EFBC}") = "百度登录", "百度登录\百度登录.csproj", "{4E981754-4775-4954-A345-0DB7A11A19F4}"
EndProject
Global
	GlobalSection(SolutionConfigurationPlatforms) = preSolution
		Debug|Any CPU = Debug|Any CPU
		Debug|x64 = Debug|x64
		Debug|x86 = Debug|x86
		Release|Any CPU = Release|Any CPU
		Release|x64 = Release|x64
		Release|x86 = Release|x86
	EndGlobalSection
	GlobalSection(ProjectConfigurationPlatforms) = postSolution
		{FA03B9AF-E810-474B-BD98-FA11753BA42B}.Debug|Any CPU.ActiveCfg = Debug|Any CPU
		{FA03B9AF-E810-474B-BD98-FA11753BA42B}.Debug|Any CPU.Build.0 = Debug|Any CPU
		{FA03B9AF-E810-474B-BD98-FA11753BA42B}.Debug|x64.ActiveCfg = Debug|x64
		{FA03B9AF-E810-474B-BD98-FA11753BA42B}.Debug|x64.Build.0 = Debug|x64
		{FA03B9AF-E810-474B-BD98-FA11753BA42B}.Debug|x86.ActiveCfg = Debug|x86
		{FA03B9AF-E810-474B-BD98-FA11753BA42B}.Debug|x86.Build.0 = Debug|x86
		{FA03B9AF-E810-474B-BD98-FA11753BA42B}.Release|Any CPU.ActiveCfg = Release|Any CPU
		{FA03B9AF-E810-474B-BD98-FA11753BA42B}.Release|Any CPU.Build.0 = Release|Any CPU
		{FA03B9AF-E810-474B-BD98-FA11753BA42B}.Release|x64.ActiveCfg = Release|x64
		{FA03B9AF-E810-474B-BD98-FA11753BA42B}.Release|x64.Build.0 = Release|x64
		{FA03B9AF-E810-474B-BD98-FA11753BA42B}.Release|x86.ActiveCfg = Release|x86
		{FA03B9AF-E810-474B-BD98-FA11753BA42B}.Release|x86.Build.0 = Release|x86
		{EFEBCEA5-08F4-48DB-988D-D11C53E7BD6A}.Debug|Any CPU.ActiveCfg = Debug|Any CPU
		{EFEBCEA5-08F4-48DB-988D-D11C53E7BD6A}.Debug|Any CPU.Build.0 = Debug|Any CPU
		{EFEBCEA5-08F4-48DB-988D-D11C53E7BD6A}.Debug|x64.ActiveCfg = Debug|x64
		{EFEBCEA5-08F4-48DB-988D-D11C53E7BD6A}.Debug|x64.Build.0 = Debug|x64
		{EFEBCEA5-08F4-48DB-988D-D11C53E7BD6A}.Debug|x86.ActiveCfg = Debug|x86
		{EFEBCEA5-08F4-48DB-988D-D11C53E7BD6A}.Debug|x86.Build.0 = Debug|x86
		{EFEBCEA5-08F4-48DB-988D-D11C53E7BD6A}.Release|Any CPU.ActiveCfg = Release|Any CPU
		{EFEBCEA5-08F4-48DB-988D-D11C53E7BD6A}.Release|Any CPU.Build.0 = Release|Any CPU
		{EFEBCEA5-08F4-48DB-988D-D11C53E7BD6A}.Release|x64.ActiveCfg = Release|x64
		{EFEBCEA5-08F4-48DB-988D-D11C53E7BD6A}.Release|x64.Build.0 = Release|x64
		{EFEBCEA5-08F4-48DB-988D-D11C53E7BD6A}.Release|x86.ActiveCfg = Release|x86
		{EFEBCEA5-08F4-48DB-988D-D11C53E7BD6A}.Release|x86.Build.0 = Release|x86
		{D7990BBD-B045-4E66-9AC4-157B99448F3C}.Debug|Any CPU.ActiveCfg = Debug|Any CPU
		{D7990BBD-B045-4E66-9AC4-157B99448F3C}.Debug|Any CPU.Build.0 = Debug|Any CPU
		{D7990BBD-B045-4E66-9AC4-157B99448F3C}.Debug|x64.ActiveCfg = Debug|Any CPU
		{D7990BBD-B045-4E66-9AC4-157B99448F3C}.Debug|x64.Build.0 = Debug|Any CPU
		{D7990BBD-B045-4E66-9AC4-157B99448F3C}.Debug|x86.ActiveCfg = Debug|Any CPU
		{D7990BBD-B045-4E66-9AC4-157B99448F3C}.Debug|x86.Build.0 = Debug|Any CPU
		{D7990BBD-B045-4E66-9AC4-157B99448F3C}.Release|Any CPU.ActiveCfg = Release|Any CPU
		{D7990BBD-B045-4E66-9AC4-157B99448F3C}.Release|Any CPU.Build.0 = Release|Any CPU
		{D7990BBD-B045-4E66-9AC4-157B99448F3C}.Release|x64.ActiveCfg = Release|Any CPU
		{D7990BBD-B045-4E66-9AC4-157B99448F3C}.Release|x64.Build.0 = Release|Any CPU
		{D7990BBD-B045-4E66-9AC4-157B99448F3C}.Release|x86.ActiveCfg = Release|Any CPU
		{D7990BBD-B045-4E66-9AC4-157B99448F3C}.Release|x86.Build.0 = Release|Any CPU
		{1F627EB2-0D27-4491-86ED-AEF0FAC0B0B0}.Debug|Any CPU.ActiveCfg = Debug|Any CPU
		{1F627EB2-0D27-4491-86ED-AEF0FAC0B0B0}.Debug|Any CPU.Build.0 = Debug|Any CPU
		{1F627EB2-0D27-4491-86ED-AEF0FAC0B0B0}.Debug|x64.ActiveCfg = Debug|Any CPU
		{1F627EB2-0D27-4491-86ED-AEF0FAC0B0B0}.Debug|x64.Build.0 = Debug|Any CPU
		{1F627EB2-0D27-4491-86ED-AEF0FAC0B0B0}.Debug|x86.ActiveCfg = Debug|Any CPU
		{1F627EB2-0D27-4491-86ED-AEF0FAC0B0B0}.Debug|x86.Build.0 = Debug|Any CPU
		{1F627EB2-0D27-4491-86ED-AEF0FAC0B0B0}.Release|Any CPU.ActiveCfg = Release|Any CPU
		{1F627EB2-0D27-4491-86ED-AEF0FAC0B0B0}.Release|Any CPU.Build.0 = Release|Any CPU
		{1F627EB2-0D27-4491-86ED-AEF0FAC0B0B0}.Release|x64.ActiveCfg = Release|Any CPU
		{1F627EB2-0D27-4491-86ED-AEF0FAC0B0B0}.Release|x64.Build.0 = Release|Any CPU
		{1F627EB2-0D27-4491-86ED-AEF0FAC0B0B0}.Release|x86.ActiveCfg = Release|Any CPU
		{1F627EB2-0D27-4491-86ED-AEF0FAC0B0B0}.Release|x86.Build.0 = Release|Any CPU
		{4E981754-4775-4954-A345-0DB7A11A19F4}.Debug|Any CPU.ActiveCfg = Debug|Any CPU
		{4E981754-4775-4954-A345-0DB7A11A19F4}.Debug|Any CPU.Build.0 = Debug|Any CPU
		{4E981754-4775-4954-A345-0DB7A11A19F4}.Debug|x64.ActiveCfg = Debug|Any CPU
		{4E981754-4775-4954-A345-0DB7A11A19F4}.Debug|x64.Build.0 = Debug|Any CPU
		{4E981754-4775-4954-A345-0DB7A11A19F4}.Debug|x86.ActiveCfg = Debug|Any CPU
		{4E981754-4775-4954-A345-0DB7A11A19F4}.Debug|x86.Build.0 = Debug|Any CPU
		{4E981754-4775-4954-A345-0DB7A11A19F4}.Release|Any CPU.ActiveCfg = Release|Any CPU
		{4E981754-4775-4954-A345-0DB7A11A19F4}.Release|Any CPU.Build.0 = Release|Any CPU
		{4E981754-4775-4954-A345-0DB7A11A19F4}.Release|x64.ActiveCfg = Release|Any CPU
		{4E981754-4775-4954-A345-0DB7A11A19F4}.Release|x64.Build.0 = Release|Any CPU
		{4E981754-4775-4954-A345-0DB7A11A19F4}.Release|x86.ActiveCfg = Release|Any CPU
		{4E981754-4775-4954-A345-0DB7A11A19F4}.Release|x86.Build.0 = Release|Any CPU
	EndGlobalSection
	GlobalSection(SolutionProperties) = preSolution
		HideSolutionNode = FALSE
	EndGlobalSection
EndGlobal
